
Microsoft Visual Studio Solution File, Format Version 12.00
# Visual Studio 2012
Project("{8BC9CEB8-8B4A-11D0-8D11-00A0C91BC942}") = "Les2_6", "Les2_6.vcxproj", "{E620195F-0F93-42DF-896F-3FE935D9C86F}"
EndProject
Global
	GlobalSection(SolutionConfigurationPlatforms) = preSolution
		Debug|Win32 = Debug|Win32
		Release|Win32 = Release|Win32
	EndGlobalSection
	GlobalSection(ProjectConfigurationPlatforms) = postSolution
		{E620195F-0F93-42DF-896F-3FE935D9C86F}.Debug|Win32.ActiveCfg = Debug|Win32
		{E620195F-0F93-42DF-896F-3FE935D9C86F}.Debug|Win32.Build.0 = Debug|Win32
		{E620195F-0F93-42DF-896F-3FE935D9C86F}.Release|Win32.ActiveCfg = Release|Win32
		{E620195F-0F93-42DF-896F-3FE935D9C86F}.Release|Win32.Build.0 = Release|Win32
	EndGlobalSection
	GlobalSection(SolutionProperties) = preSolution
		HideSolutionNode = FALSE
	EndGlobalSection
EndGlobal
