Microsoft Visual Studio Solution File, Format Version 11.00
# Visual Studio 2010
Project("{8BC9CEB8-8B4A-11D0-8D11-00A0C91BC942}") = "string0_false", "string0_false.vcxproj", "{B8A1E39C-1986-4EAD-8CB5-274C49556D9E}"
EndProject
Global
	GlobalSection(SolutionConfigurationPlatforms) = preSolution
		Debug|Win32 = Debug|Win32
		Release|Win32 = Release|Win32
	EndGlobalSection
	GlobalSection(ProjectConfigurationPlatforms) = postSolution
		{B8A1E39C-1986-4EAD-8CB5-274C49556D9E}.Debug|Win32.ActiveCfg = Debug|Win32
		{B8A1E39C-1986-4EAD-8CB5-274C49556D9E}.Debug|Win32.Build.0 = Debug|Win32
		{B8A1E39C-1986-4EAD-8CB5-274C49556D9E}.Release|Win32.ActiveCfg = Release|Win32
		{B8A1E39C-1986-4EAD-8CB5-274C49556D9E}.Release|Win32.Build.0 = Release|Win32
	EndGlobalSection
	GlobalSection(SolutionProperties) = preSolution
		HideSolutionNode = FALSE
	EndGlobalSection
EndGlobal
