
Microsoft Visual Studio Solution File, Format Version 11.00
# Visual Studio 2010
Project("{8BC9CEB8-8B4A-11D0-8D11-00A0C91BC942}") = "funktor", "funktor\funktor.vcxproj", "{40BC26A5-ABFD-4FD2-967B-E3EE0C5D840F}"
EndProject
Global
	GlobalSection(SolutionConfigurationPlatforms) = preSolution
		Debug|Win32 = Debug|Win32
		Release|Win32 = Release|Win32
	EndGlobalSection
	GlobalSection(ProjectConfigurationPlatforms) = postSolution
		{40BC26A5-ABFD-4FD2-967B-E3EE0C5D840F}.Debug|Win32.ActiveCfg = Debug|Win32
		{40BC26A5-ABFD-4FD2-967B-E3EE0C5D840F}.Debug|Win32.Build.0 = Debug|Win32
		{40BC26A5-ABFD-4FD2-967B-E3EE0C5D840F}.Release|Win32.ActiveCfg = Release|Win32
		{40BC26A5-ABFD-4FD2-967B-E3EE0C5D840F}.Release|Win32.Build.0 = Release|Win32
	EndGlobalSection
	GlobalSection(SolutionProperties) = preSolution
		HideSolutionNode = FALSE
	EndGlobalSection
EndGlobal
