Microsoft Visual Studio Solution File, Format Version 11.00
# Visual Studio 2010
Project("{8BC9CEB8-8B4A-11D0-8D11-00A0C91BC942}") = "ohminst2", "ohminst2.vcxproj", "{AD32D46C-60FB-4716-82DE-ED36920D3909}"
EndProject
Global
	GlobalSection(SolutionConfigurationPlatforms) = preSolution
		Debug|Win32 = Debug|Win32
		Release|Win32 = Release|Win32
	EndGlobalSection
	GlobalSection(ProjectConfigurationPlatforms) = postSolution
		{AD32D46C-60FB-4716-82DE-ED36920D3909}.Debug|Win32.ActiveCfg = Debug|Win32
		{AD32D46C-60FB-4716-82DE-ED36920D3909}.Debug|Win32.Build.0 = Debug|Win32
		{AD32D46C-60FB-4716-82DE-ED36920D3909}.Release|Win32.ActiveCfg = Release|Win32
		{AD32D46C-60FB-4716-82DE-ED36920D3909}.Release|Win32.Build.0 = Release|Win32
	EndGlobalSection
	GlobalSection(SolutionProperties) = preSolution
		HideSolutionNode = FALSE
	EndGlobalSection
EndGlobal
