
Microsoft Visual Studio Solution File, Format Version 12.00
# Visual Studio 15
VisualStudioVersion = 15.0.26430.6
MinimumVisualStudioVersion = 10.0.40219.1
Project("{8BC9CEB8-8B4A-11D0-8D11-00A0C91BC942}") = "beleg", "beleg\beleg.vcxproj", "{4AF84E3F-E104-4DCA-B8C7-F9383DA1D3BD}"
EndProject
Project("{8BC9CEB8-8B4A-11D0-8D11-00A0C91BC942}") = "Beleg_Pour", "Beispiele\Beleg_Pour\Beleg_Pour.vcxproj", "{0DA6B9A8-DAA0-4D1A-B6F4-2EEFE2D4BF63}"
EndProject
Project("{8BC9CEB8-8B4A-11D0-8D11-00A0C91BC942}") = "beleg_retsch", "Beispiele\Beleg_Retsch\beleg_retsch.vcxproj", "{F5E21ED7-5574-4A12-8182-C93C70780643}"
EndProject
Project("{8BC9CEB8-8B4A-11D0-8D11-00A0C91BC942}") = "Beleg_Prakt_Schmidtgen", "Beispiele\Beleg_Schmidtgen\PraktikumOpenGL.vcxproj", "{C9CA4965-1380-4F82-86E8-70FFA003BFC4}"
EndProject
Project("{8BC9CEB8-8B4A-11D0-8D11-00A0C91BC942}") = "Praktikum_Pour", "Beispiele\Praktikum_Pour\Praktikum.vcxproj", "{1FE33D3D-F342-4D44-B923-0916C94C2490}"
EndProject
Global
	GlobalSection(SolutionConfigurationPlatforms) = preSolution
		Debug|x64 = Debug|x64
		Debug|x86 = Debug|x86
		HTW|x64 = HTW|x64
		HTW|x86 = HTW|x86
		Release|x64 = Release|x64
		Release|x86 = Release|x86
	EndGlobalSection
	GlobalSection(ProjectConfigurationPlatforms) = postSolution
		{4AF84E3F-E104-4DCA-B8C7-F9383DA1D3BD}.Debug|x64.ActiveCfg = Debug|x64
		{4AF84E3F-E104-4DCA-B8C7-F9383DA1D3BD}.Debug|x64.Build.0 = Debug|x64
		{4AF84E3F-E104-4DCA-B8C7-F9383DA1D3BD}.Debug|x86.ActiveCfg = Debug|Win32
		{4AF84E3F-E104-4DCA-B8C7-F9383DA1D3BD}.Debug|x86.Build.0 = Debug|Win32
		{4AF84E3F-E104-4DCA-B8C7-F9383DA1D3BD}.HTW|x64.ActiveCfg = Release|x64
		{4AF84E3F-E104-4DCA-B8C7-F9383DA1D3BD}.HTW|x64.Build.0 = Release|x64
		{4AF84E3F-E104-4DCA-B8C7-F9383DA1D3BD}.HTW|x86.ActiveCfg = Release|Win32
		{4AF84E3F-E104-4DCA-B8C7-F9383DA1D3BD}.HTW|x86.Build.0 = Release|Win32
		{4AF84E3F-E104-4DCA-B8C7-F9383DA1D3BD}.Release|x64.ActiveCfg = Release|x64
		{4AF84E3F-E104-4DCA-B8C7-F9383DA1D3BD}.Release|x64.Build.0 = Release|x64
		{4AF84E3F-E104-4DCA-B8C7-F9383DA1D3BD}.Release|x86.ActiveCfg = Release|Win32
		{4AF84E3F-E104-4DCA-B8C7-F9383DA1D3BD}.Release|x86.Build.0 = Release|Win32
		{0DA6B9A8-DAA0-4D1A-B6F4-2EEFE2D4BF63}.Debug|x64.ActiveCfg = Debug|x64
		{0DA6B9A8-DAA0-4D1A-B6F4-2EEFE2D4BF63}.Debug|x64.Build.0 = Debug|x64
		{0DA6B9A8-DAA0-4D1A-B6F4-2EEFE2D4BF63}.Debug|x86.ActiveCfg = Debug|Win32
		{0DA6B9A8-DAA0-4D1A-B6F4-2EEFE2D4BF63}.Debug|x86.Build.0 = Debug|Win32
		{0DA6B9A8-DAA0-4D1A-B6F4-2EEFE2D4BF63}.HTW|x64.ActiveCfg = Release|x64
		{0DA6B9A8-DAA0-4D1A-B6F4-2EEFE2D4BF63}.HTW|x64.Build.0 = Release|x64
		{0DA6B9A8-DAA0-4D1A-B6F4-2EEFE2D4BF63}.HTW|x86.ActiveCfg = Release|Win32
		{0DA6B9A8-DAA0-4D1A-B6F4-2EEFE2D4BF63}.HTW|x86.Build.0 = Release|Win32
		{0DA6B9A8-DAA0-4D1A-B6F4-2EEFE2D4BF63}.Release|x64.ActiveCfg = Release|x64
		{0DA6B9A8-DAA0-4D1A-B6F4-2EEFE2D4BF63}.Release|x64.Build.0 = Release|x64
		{0DA6B9A8-DAA0-4D1A-B6F4-2EEFE2D4BF63}.Release|x86.ActiveCfg = Release|Win32
		{0DA6B9A8-DAA0-4D1A-B6F4-2EEFE2D4BF63}.Release|x86.Build.0 = Release|Win32
		{F5E21ED7-5574-4A12-8182-C93C70780643}.Debug|x64.ActiveCfg = Debug|x64
		{F5E21ED7-5574-4A12-8182-C93C70780643}.Debug|x64.Build.0 = Debug|x64
		{F5E21ED7-5574-4A12-8182-C93C70780643}.Debug|x86.ActiveCfg = Debug|Win32
		{F5E21ED7-5574-4A12-8182-C93C70780643}.Debug|x86.Build.0 = Debug|Win32
		{F5E21ED7-5574-4A12-8182-C93C70780643}.HTW|x64.ActiveCfg = Release|x64
		{F5E21ED7-5574-4A12-8182-C93C70780643}.HTW|x64.Build.0 = Release|x64
		{F5E21ED7-5574-4A12-8182-C93C70780643}.HTW|x86.ActiveCfg = Debug|Win32
		{F5E21ED7-5574-4A12-8182-C93C70780643}.HTW|x86.Build.0 = Debug|Win32
		{F5E21ED7-5574-4A12-8182-C93C70780643}.Release|x64.ActiveCfg = Release|x64
		{F5E21ED7-5574-4A12-8182-C93C70780643}.Release|x64.Build.0 = Release|x64
		{F5E21ED7-5574-4A12-8182-C93C70780643}.Release|x86.ActiveCfg = Release|Win32
		{F5E21ED7-5574-4A12-8182-C93C70780643}.Release|x86.Build.0 = Release|Win32
		{C9CA4965-1380-4F82-86E8-70FFA003BFC4}.Debug|x64.ActiveCfg = Debug|Win32
		{C9CA4965-1380-4F82-86E8-70FFA003BFC4}.Debug|x86.ActiveCfg = Debug|Win32
		{C9CA4965-1380-4F82-86E8-70FFA003BFC4}.Debug|x86.Build.0 = Debug|Win32
		{C9CA4965-1380-4F82-86E8-70FFA003BFC4}.HTW|x64.ActiveCfg = Release|Win32
		{C9CA4965-1380-4F82-86E8-70FFA003BFC4}.HTW|x64.Build.0 = Release|Win32
		{C9CA4965-1380-4F82-86E8-70FFA003BFC4}.HTW|x86.ActiveCfg = Release|Win32
		{C9CA4965-1380-4F82-86E8-70FFA003BFC4}.HTW|x86.Build.0 = Release|Win32
		{C9CA4965-1380-4F82-86E8-70FFA003BFC4}.Release|x64.ActiveCfg = Release|Win32
		{C9CA4965-1380-4F82-86E8-70FFA003BFC4}.Release|x86.ActiveCfg = Release|Win32
		{C9CA4965-1380-4F82-86E8-70FFA003BFC4}.Release|x86.Build.0 = Release|Win32
		{1FE33D3D-F342-4D44-B923-0916C94C2490}.Debug|x64.ActiveCfg = Debug|x64
		{1FE33D3D-F342-4D44-B923-0916C94C2490}.Debug|x64.Build.0 = Debug|x64
		{1FE33D3D-F342-4D44-B923-0916C94C2490}.Debug|x86.ActiveCfg = Debug|Win32
		{1FE33D3D-F342-4D44-B923-0916C94C2490}.Debug|x86.Build.0 = Debug|Win32
		{1FE33D3D-F342-4D44-B923-0916C94C2490}.HTW|x64.ActiveCfg = Release|x64
		{1FE33D3D-F342-4D44-B923-0916C94C2490}.HTW|x64.Build.0 = Release|x64
		{1FE33D3D-F342-4D44-B923-0916C94C2490}.HTW|x86.ActiveCfg = Release|Win32
		{1FE33D3D-F342-4D44-B923-0916C94C2490}.HTW|x86.Build.0 = Release|Win32
		{1FE33D3D-F342-4D44-B923-0916C94C2490}.Release|x64.ActiveCfg = Release|x64
		{1FE33D3D-F342-4D44-B923-0916C94C2490}.Release|x64.Build.0 = Release|x64
		{1FE33D3D-F342-4D44-B923-0916C94C2490}.Release|x86.ActiveCfg = Release|Win32
		{1FE33D3D-F342-4D44-B923-0916C94C2490}.Release|x86.Build.0 = Release|Win32
	EndGlobalSection
	GlobalSection(SolutionProperties) = preSolution
		HideSolutionNode = FALSE
	EndGlobalSection
EndGlobal
