
Microsoft Visual Studio Solution File, Format Version 11.00
# Visual Studio 2010
Project("{8BC9CEB8-8B4A-11D0-8D11-00A0C91BC942}") = "mehrd0", "mehrd0\mehrd0.vcxproj", "{AC04F72D-EAE1-4B62-8C61-AD6A0886FE0D}"
EndProject
Global
	GlobalSection(SolutionConfigurationPlatforms) = preSolution
		Debug|Win32 = Debug|Win32
		Release|Win32 = Release|Win32
	EndGlobalSection
	GlobalSection(ProjectConfigurationPlatforms) = postSolution
		{AC04F72D-EAE1-4B62-8C61-AD6A0886FE0D}.Debug|Win32.ActiveCfg = Debug|Win32
		{AC04F72D-EAE1-4B62-8C61-AD6A0886FE0D}.Debug|Win32.Build.0 = Debug|Win32
		{AC04F72D-EAE1-4B62-8C61-AD6A0886FE0D}.Release|Win32.ActiveCfg = Release|Win32
		{AC04F72D-EAE1-4B62-8C61-AD6A0886FE0D}.Release|Win32.Build.0 = Release|Win32
	EndGlobalSection
	GlobalSection(SolutionProperties) = preSolution
		HideSolutionNode = FALSE
	EndGlobalSection
EndGlobal
