
Microsoft Visual Studio Solution File, Format Version 11.00
# Visual Studio 2010
Project("{8BC9CEB8-8B4A-11D0-8D11-00A0C91BC942}") = "virt9", "virt9.vcxproj", "{9198DBAC-50CB-420A-9A3A-9A46D9F90B60}"
EndProject
Global
	GlobalSection(SolutionConfigurationPlatforms) = preSolution
		Debug|Win32 = Debug|Win32
		Release|Win32 = Release|Win32
	EndGlobalSection
	GlobalSection(ProjectConfigurationPlatforms) = postSolution
		{9198DBAC-50CB-420A-9A3A-9A46D9F90B60}.Debug|Win32.ActiveCfg = Debug|Win32
		{9198DBAC-50CB-420A-9A3A-9A46D9F90B60}.Debug|Win32.Build.0 = Debug|Win32
		{9198DBAC-50CB-420A-9A3A-9A46D9F90B60}.Release|Win32.ActiveCfg = Release|Win32
		{9198DBAC-50CB-420A-9A3A-9A46D9F90B60}.Release|Win32.Build.0 = Release|Win32
	EndGlobalSection
	GlobalSection(SolutionProperties) = preSolution
		HideSolutionNode = FALSE
	EndGlobalSection
EndGlobal
