Microsoft Visual Studio Solution File, Format Version 11.00
# Visual Studio 2010
Project("{8BC9CEB8-8B4A-11D0-8D11-00A0C91BC942}") = "ratio_cincout", "ratio.vcxproj", "{A282FC70-6B9D-4F22-9DAE-6ACB3F8C75D3}"
EndProject
Global
	GlobalSection(SolutionConfigurationPlatforms) = preSolution
		Debug|Win32 = Debug|Win32
		Release|Win32 = Release|Win32
	EndGlobalSection
	GlobalSection(ProjectConfigurationPlatforms) = postSolution
		{A282FC70-6B9D-4F22-9DAE-6ACB3F8C75D3}.Debug|Win32.ActiveCfg = Debug|Win32
		{A282FC70-6B9D-4F22-9DAE-6ACB3F8C75D3}.Debug|Win32.Build.0 = Debug|Win32
		{A282FC70-6B9D-4F22-9DAE-6ACB3F8C75D3}.Release|Win32.ActiveCfg = Release|Win32
		{A282FC70-6B9D-4F22-9DAE-6ACB3F8C75D3}.Release|Win32.Build.0 = Release|Win32
	EndGlobalSection
	GlobalSection(SolutionProperties) = preSolution
		HideSolutionNode = FALSE
	EndGlobalSection
EndGlobal
