Microsoft Visual Studio Solution File, Format Version 11.00
# Visual Studio 2010
Project("{8BC9CEB8-8B4A-11D0-8D11-00A0C91BC942}") = "Cla11", "Cla11.vcxproj", "{559AB499-2F9B-4C02-B59D-11DC32498975}"
EndProject
Global
	GlobalSection(SolutionConfigurationPlatforms) = preSolution
		Debug|Win32 = Debug|Win32
		Release|Win32 = Release|Win32
	EndGlobalSection
	GlobalSection(ProjectConfigurationPlatforms) = postSolution
		{559AB499-2F9B-4C02-B59D-11DC32498975}.Debug|Win32.ActiveCfg = Debug|Win32
		{559AB499-2F9B-4C02-B59D-11DC32498975}.Debug|Win32.Build.0 = Debug|Win32
		{559AB499-2F9B-4C02-B59D-11DC32498975}.Release|Win32.ActiveCfg = Release|Win32
		{559AB499-2F9B-4C02-B59D-11DC32498975}.Release|Win32.Build.0 = Release|Win32
	EndGlobalSection
	GlobalSection(SolutionProperties) = preSolution
		HideSolutionNode = FALSE
	EndGlobalSection
EndGlobal
