
Microsoft Visual Studio Solution File, Format Version 11.00
# Visual Studio 2010
Project("{8BC9CEB8-8B4A-11D0-8D11-00A0C91BC942}") = "abstract", "abstract\abstract.vcxproj", "{420C41A9-27AD-4E2F-ABBF-851CDD145BEA}"
EndProject
Global
	GlobalSection(SolutionConfigurationPlatforms) = preSolution
		Debug|Win32 = Debug|Win32
		Release|Win32 = Release|Win32
	EndGlobalSection
	GlobalSection(ProjectConfigurationPlatforms) = postSolution
		{420C41A9-27AD-4E2F-ABBF-851CDD145BEA}.Debug|Win32.ActiveCfg = Debug|Win32
		{420C41A9-27AD-4E2F-ABBF-851CDD145BEA}.Debug|Win32.Build.0 = Debug|Win32
		{420C41A9-27AD-4E2F-ABBF-851CDD145BEA}.Release|Win32.ActiveCfg = Release|Win32
		{420C41A9-27AD-4E2F-ABBF-851CDD145BEA}.Release|Win32.Build.0 = Release|Win32
	EndGlobalSection
	GlobalSection(SolutionProperties) = preSolution
		HideSolutionNode = FALSE
	EndGlobalSection
EndGlobal
