
Microsoft Visual Studio Solution File, Format Version 11.00
# Visual Studio 2010
Project("{8BC9CEB8-8B4A-11D0-8D11-00A0C91BC942}") = "rtti2", "rtti2.vcxproj", "{36EAD0E4-BAC5-4C1A-AAAF-3677C0EEE048}"
EndProject
Global
	GlobalSection(SolutionConfigurationPlatforms) = preSolution
		Debug|Win32 = Debug|Win32
		Release|Win32 = Release|Win32
	EndGlobalSection
	GlobalSection(ProjectConfigurationPlatforms) = postSolution
		{36EAD0E4-BAC5-4C1A-AAAF-3677C0EEE048}.Debug|Win32.ActiveCfg = Debug|Win32
		{36EAD0E4-BAC5-4C1A-AAAF-3677C0EEE048}.Debug|Win32.Build.0 = Debug|Win32
		{36EAD0E4-BAC5-4C1A-AAAF-3677C0EEE048}.Release|Win32.ActiveCfg = Release|Win32
		{36EAD0E4-BAC5-4C1A-AAAF-3677C0EEE048}.Release|Win32.Build.0 = Release|Win32
	EndGlobalSection
	GlobalSection(SolutionProperties) = preSolution
		HideSolutionNode = FALSE
	EndGlobalSection
EndGlobal
