
Microsoft Visual Studio Solution File, Format Version 11.00
# Visual Studio 2010
Project("{8BC9CEB8-8B4A-11D0-8D11-00A0C91BC942}") = "cla1e", "cla1e\cla1e.vcxproj", "{D8067535-2301-4B23-B2D6-F9B1F2C85CC3}"
EndProject
Global
	GlobalSection(SolutionConfigurationPlatforms) = preSolution
		Debug|Win32 = Debug|Win32
		Release|Win32 = Release|Win32
	EndGlobalSection
	GlobalSection(ProjectConfigurationPlatforms) = postSolution
		{D8067535-2301-4B23-B2D6-F9B1F2C85CC3}.Debug|Win32.ActiveCfg = Debug|Win32
		{D8067535-2301-4B23-B2D6-F9B1F2C85CC3}.Debug|Win32.Build.0 = Debug|Win32
		{D8067535-2301-4B23-B2D6-F9B1F2C85CC3}.Release|Win32.ActiveCfg = Release|Win32
		{D8067535-2301-4B23-B2D6-F9B1F2C85CC3}.Release|Win32.Build.0 = Release|Win32
	EndGlobalSection
	GlobalSection(SolutionProperties) = preSolution
		HideSolutionNode = FALSE
	EndGlobalSection
EndGlobal
