
Microsoft Visual Studio Solution File, Format Version 11.00
# Visual Studio 2010
Project("{8BC9CEB8-8B4A-11D0-8D11-00A0C91BC942}") = "cla7", "cla7\cla7.vcxproj", "{2A52E414-CB03-41F1-8E83-82B609264068}"
EndProject
Global
	GlobalSection(SolutionConfigurationPlatforms) = preSolution
		Debug|Win32 = Debug|Win32
		Release|Win32 = Release|Win32
	EndGlobalSection
	GlobalSection(ProjectConfigurationPlatforms) = postSolution
		{2A52E414-CB03-41F1-8E83-82B609264068}.Debug|Win32.ActiveCfg = Debug|Win32
		{2A52E414-CB03-41F1-8E83-82B609264068}.Debug|Win32.Build.0 = Debug|Win32
		{2A52E414-CB03-41F1-8E83-82B609264068}.Release|Win32.ActiveCfg = Release|Win32
		{2A52E414-CB03-41F1-8E83-82B609264068}.Release|Win32.Build.0 = Release|Win32
	EndGlobalSection
	GlobalSection(SolutionProperties) = preSolution
		HideSolutionNode = FALSE
	EndGlobalSection
EndGlobal
