Microsoft Visual Studio Solution File, Format Version 10.00
# Visual Studio 2008
Project("{8BC9CEB8-8B4A-11D0-8D11-00A0C91BC942}") = "virtrede", "virtrede.vcproj", "{D7691BFD-1C25-44F2-B76C-3EDAEDD4B821}"
EndProject
Global
	GlobalSection(SolutionConfigurationPlatforms) = preSolution
		Debug|Win32 = Debug|Win32
		Release|Win32 = Release|Win32
	EndGlobalSection
	GlobalSection(ProjectConfigurationPlatforms) = postSolution
		{D7691BFD-1C25-44F2-B76C-3EDAEDD4B821}.Debug|Win32.ActiveCfg = Debug|Win32
		{D7691BFD-1C25-44F2-B76C-3EDAEDD4B821}.Debug|Win32.Build.0 = Debug|Win32
		{D7691BFD-1C25-44F2-B76C-3EDAEDD4B821}.Release|Win32.ActiveCfg = Release|Win32
		{D7691BFD-1C25-44F2-B76C-3EDAEDD4B821}.Release|Win32.Build.0 = Release|Win32
	EndGlobalSection
	GlobalSection(SolutionProperties) = preSolution
		HideSolutionNode = FALSE
	EndGlobalSection
EndGlobal
