
Microsoft Visual Studio Solution File, Format Version 11.00
# Visual Studio 2010
Project("{8BC9CEB8-8B4A-11D0-8D11-00A0C91BC942}") = "ohmvek", "ohmvek\ohmvek.vcxproj", "{FCF213A2-96E6-4A39-A958-7BF357FF0949}"
EndProject
Global
	GlobalSection(SolutionConfigurationPlatforms) = preSolution
		Debug|Win32 = Debug|Win32
		Release|Win32 = Release|Win32
	EndGlobalSection
	GlobalSection(ProjectConfigurationPlatforms) = postSolution
		{FCF213A2-96E6-4A39-A958-7BF357FF0949}.Debug|Win32.ActiveCfg = Debug|Win32
		{FCF213A2-96E6-4A39-A958-7BF357FF0949}.Debug|Win32.Build.0 = Debug|Win32
		{FCF213A2-96E6-4A39-A958-7BF357FF0949}.Release|Win32.ActiveCfg = Release|Win32
		{FCF213A2-96E6-4A39-A958-7BF357FF0949}.Release|Win32.Build.0 = Release|Win32
	EndGlobalSection
	GlobalSection(SolutionProperties) = preSolution
		HideSolutionNode = FALSE
	EndGlobalSection
EndGlobal
